{
    "requires": true,
    "lockfileVersion": 1,
    "dependencies": {
        "vuetify": {
            "version": "2.5.3",
            "resolved": "https://registry.npmjs.org/vuetify/-/vuetify-2.5.3.tgz",
            "integrity": "sha512-c0oX063PzWrIV29Mi7Pyi63OcF0FlCDJcgMvu0woTt4GL4yVmNQMh5hyKS5NEwlsS66HcjKJERMoY0JJc1bYGA=="
        }
    }
}
